
Microsoft Visual Studio Solution File, Format Version 12.00
# Visual Studio Version 17
VisualStudioVersion = 17.6.33712.159
MinimumVisualStudioVersion = 10.0.40219.1
Project("{FAE04EC0-301F-11D3-BF4B-00C04F79EFBC}") = "WinBreakBricks", "WinBreakBricks.csproj", "{3EE42929-672F-4496-8AFB-27351D120AAC}"
EndProject
Global
	GlobalSection(SolutionConfigurationPlatforms) = preSolution
		Debug|Any CPU = Debug|Any CPU
		Release|Any CPU = Release|Any CPU
	EndGlobalSection
	GlobalSection(ProjectConfigurationPlatforms) = postSolution
		{3EE42929-672F-4496-8AFB-27351D120AAC}.Debug|Any CPU.ActiveCfg = Debug|Any CPU
		{3EE42929-672F-4496-8AFB-27351D120AAC}.Debug|Any CPU.Build.0 = Debug|Any CPU
		{3EE42929-672F-4496-8AFB-27351D120AAC}.Release|Any CPU.ActiveCfg = Release|Any CPU
		{3EE42929-672F-4496-8AFB-27351D120AAC}.Release|Any CPU.Build.0 = Release|Any CPU
	EndGlobalSection
	GlobalSection(SolutionProperties) = preSolution
		HideSolutionNode = FALSE
	EndGlobalSection
	GlobalSection(ExtensibilityGlobals) = postSolution
		SolutionGuid = {3E49DB71-CDCF-461F-98D0-49E4D322C311}
	EndGlobalSection
EndGlobal
